
Microsoft Visual Studio Solution File, Format Version 12.00
# Visual Studio Version 16
VisualStudioVersion = 16.0.28803.202
MinimumVisualStudioVersion = 10.0.40219.1
Project("{FAE04EC0-301F-11D3-BF4B-00C04F79EFBC}") = "Palindrome", "Palindrome\Palindrome.csproj", "{70FFE5C4-6745-4DCB-8ACC-DC898384F36D}"
EndProject
Global
	GlobalSection(SolutionConfigurationPlatforms) = preSolution
		Debug|Any CPU = Debug|Any CPU
		Release|Any CPU = Release|Any CPU
	EndGlobalSection
	GlobalSection(ProjectConfigurationPlatforms) = postSolution
		{70FFE5C4-6745-4DCB-8ACC-DC898384F36D}.Debug|Any CPU.ActiveCfg = Debug|Any CPU
		{70FFE5C4-6745-4DCB-8ACC-DC898384F36D}.Debug|Any CPU.Build.0 = Debug|Any CPU
		{70FFE5C4-6745-4DCB-8ACC-DC898384F36D}.Release|Any CPU.ActiveCfg = Release|Any CPU
		{70FFE5C4-6745-4DCB-8ACC-DC898384F36D}.Release|Any CPU.Build.0 = Release|Any CPU
	EndGlobalSection
	GlobalSection(SolutionProperties) = preSolution
		HideSolutionNode = FALSE
	EndGlobalSection
	GlobalSection(ExtensibilityGlobals) = postSolution
		SolutionGuid = {D49E4828-04F7-491D-B8B1-A2BB4C887E78}
	EndGlobalSection
EndGlobal
